
Microsoft Visual Studio Solution File, Format Version 12.00
# Visual Studio Version 16
VisualStudioVersion = 16.0.28803.352
MinimumVisualStudioVersion = 10.0.40219.1
Project("{9A19103F-16F7-4668-BE54-9A1E7A4F7556}") = "Random", "Random.csproj", "{56EA27BC-5BED-45D9-B5EE-A7B5246206AB}"
EndProject
Global
	GlobalSection(SolutionConfigurationPlatforms) = preSolution
		Debug|Any CPU = Debug|Any CPU
		Release|Any CPU = Release|Any CPU
	EndGlobalSection
	GlobalSection(ProjectConfigurationPlatforms) = postSolution
		{56EA27BC-5BED-45D9-B5EE-A7B5246206AB}.Debug|Any CPU.ActiveCfg = Debug|Any CPU
		{56EA27BC-5BED-45D9-B5EE-A7B5246206AB}.Debug|Any CPU.Build.0 = Debug|Any CPU
		{56EA27BC-5BED-45D9-B5EE-A7B5246206AB}.Release|Any CPU.ActiveCfg = Release|Any CPU
		{56EA27BC-5BED-45D9-B5EE-A7B5246206AB}.Release|Any CPU.Build.0 = Release|Any CPU
	EndGlobalSection
	GlobalSection(SolutionProperties) = preSolution
		HideSolutionNode = FALSE
	EndGlobalSection
	GlobalSection(ExtensibilityGlobals) = postSolution
		SolutionGuid = {10DFF9D8-4304-4F64-832A-F44DCCB9CA96}
	EndGlobalSection
EndGlobal
